// !$*UTF8*$!
{
	archiveVersion = 1;
	classes = {
	};
	objectVersion = 46;
	objects = {

/* Begin PBXBuildFile section */
		3F2EBA5C1894272D00FF56DF /* p01.vert in Resources */ = {isa = PBXBuildFile; fileRef = 3F2EBA5B1894272D00FF56DF /* p01.vert */; };
		3F2EBA5E1894278200FF56DF /* p01.frag in Resources */ = {isa = PBXBuildFile; fileRef = 3F2EBA5D1894278200FF56DF /* p01.frag */; };
		3F40F4FE193261320045A7D3 /* libfreenect.dylib in Frameworks */ = {isa = PBXBuildFile; fileRef = 3F40F4FD193261320045A7D3 /* libfreenect.dylib */; };
		3F5D9F58193A485F00BE7E08 /* libLeap.dylib in Frameworks */ = {isa = PBXBuildFile; fileRef = 3F5D9F57193A485F00BE7E08 /* libLeap.dylib */; };
		3F5D9F59193A488100BE7E08 /* libLeap.dylib in CopyFiles */ = {isa = PBXBuildFile; fileRef = 3F5D9F57193A485F00BE7E08 /* libLeap.dylib */; };
		3F9FECE5189EEA1E00114BA2 /* PUI.cpp in Sources */ = {isa = PBXBuildFile; fileRef = 3F9FECE3189EEA1E00114BA2 /* PUI.cpp */; };
		3FA7069918A6E60C005E042C /* rect.vert in Sources */ = {isa = PBXBuildFile; fileRef = 3FA7069818A6E60C005E042C /* rect.vert */; };
		3FA7069B18A6E617005E042C /* rect.frag in Sources */ = {isa = PBXBuildFile; fileRef = 3FA7069A18A6E617005E042C /* rect.frag */; };
		3FA7069C18A6E998005E042C /* rect.vert in Resources */ = {isa = PBXBuildFile; fileRef = 3FA7069818A6E60C005E042C /* rect.vert */; };
		3FA7069D18A6E998005E042C /* rect.frag in Resources */ = {isa = PBXBuildFile; fileRef = 3FA7069A18A6E617005E042C /* rect.frag */; };
		3FB4E5731928255800D78E26 /* MyFreenectDevice.cpp in Sources */ = {isa = PBXBuildFile; fileRef = 3FB4E5711928255800D78E26 /* MyFreenectDevice.cpp */; };
		3FC30D2E188AFF3900DA490D /* Cocoa.framework in Frameworks */ = {isa = PBXBuildFile; fileRef = 3FC30D2D188AFF3900DA490D /* Cocoa.framework */; };
		3FC30D38188AFF3900DA490D /* InfoPlist.strings in Resources */ = {isa = PBXBuildFile; fileRef = 3FC30D36188AFF3900DA490D /* InfoPlist.strings */; };
		3FC30D3A188AFF3900DA490D /* main.m in Sources */ = {isa = PBXBuildFile; fileRef = 3FC30D39188AFF3900DA490D /* main.m */; };
		3FC30D3E188AFF3900DA490D /* Credits.rtf in Resources */ = {isa = PBXBuildFile; fileRef = 3FC30D3C188AFF3900DA490D /* Credits.rtf */; };
		3FC30D41188AFF3900DA490D /* AppDelegate.mm in Sources */ = {isa = PBXBuildFile; fileRef = 3FC30D40188AFF3900DA490D /* AppDelegate.mm */; };
		3FC30D44188AFF3900DA490D /* MainMenu.xib in Resources */ = {isa = PBXBuildFile; fileRef = 3FC30D42188AFF3900DA490D /* MainMenu.xib */; };
		3FC30D47188AFF3900DA490D /* ParticlesOSX.xcdatamodeld in Sources */ = {isa = PBXBuildFile; fileRef = 3FC30D45188AFF3900DA490D /* ParticlesOSX.xcdatamodeld */; };
		3FC30D49188AFF3900DA490D /* Images.xcassets in Resources */ = {isa = PBXBuildFile; fileRef = 3FC30D48188AFF3900DA490D /* Images.xcassets */; };
		3FC30D50188AFF3900DA490D /* XCTest.framework in Frameworks */ = {isa = PBXBuildFile; fileRef = 3FC30D4F188AFF3900DA490D /* XCTest.framework */; };
		3FC30D51188AFF3900DA490D /* Cocoa.framework in Frameworks */ = {isa = PBXBuildFile; fileRef = 3FC30D2D188AFF3900DA490D /* Cocoa.framework */; };
		3FC30D59188AFF3900DA490D /* InfoPlist.strings in Resources */ = {isa = PBXBuildFile; fileRef = 3FC30D57188AFF3900DA490D /* InfoPlist.strings */; };
		3FC30D5B188AFF3900DA490D /* ParticlesOSXTests.m in Sources */ = {isa = PBXBuildFile; fileRef = 3FC30D5A188AFF3900DA490D /* ParticlesOSXTests.m */; };
		3FC30D66188B046300DA490D /* CustomOpenGLView.mm in Sources */ = {isa = PBXBuildFile; fileRef = 3FC30D65188B046300DA490D /* CustomOpenGLView.mm */; };
		3FC30D6B188B0B5600DA490D /* OpenGL.framework in Frameworks */ = {isa = PBXBuildFile; fileRef = 3FC30D6A188B0B5600DA490D /* OpenGL.framework */; };
		3FC30D6E188B2A9800DA490D /* Particle.cpp in Sources */ = {isa = PBXBuildFile; fileRef = 3FC30D6C188B2A9800DA490D /* Particle.cpp */; };
		3FC30D70188B2B3600DA490D /* GLKit.framework in Frameworks */ = {isa = PBXBuildFile; fileRef = 3FC30D6F188B2B3600DA490D /* GLKit.framework */; };
		3FC30D73188B2CA000DA490D /* ParticleApp.cpp in Sources */ = {isa = PBXBuildFile; fileRef = 3FC30D71188B2CA000DA490D /* ParticleApp.cpp */; };
		3FC30D76188B3A5400DA490D /* Params.cpp in Sources */ = {isa = PBXBuildFile; fileRef = 3FC30D74188B3A5400DA490D /* Params.cpp */; };
		3FC30D79188B3C4600DA490D /* ParticleController.cpp in Sources */ = {isa = PBXBuildFile; fileRef = 3FC30D77188B3C4600DA490D /* ParticleController.cpp */; };
		3FC30D7C188B3FFB00DA490D /* Color.cpp in Sources */ = {isa = PBXBuildFile; fileRef = 3FC30D7A188B3FFB00DA490D /* Color.cpp */; };
		3FD41B211936F9DD007AEBC1 /* MyLeap.cpp in Sources */ = {isa = PBXBuildFile; fileRef = 3FD41B1F1936F9DD007AEBC1 /* MyLeap.cpp */; };
		3FF5AB82188E489C00BC067C /* Vec2.cpp in Sources */ = {isa = PBXBuildFile; fileRef = 3FF5AB80188E489C00BC067C /* Vec2.cpp */; };
		3FF5AB85188E48C100BC067C /* GLAppController.m in Sources */ = {isa = PBXBuildFile; fileRef = 3FF5AB84188E48C100BC067C /* GLAppController.m */; };
		3FF5AB8918924BA200BC067C /* QuartzCore.framework in Frameworks */ = {isa = PBXBuildFile; fileRef = 3FF5AB8818924BA200BC067C /* QuartzCore.framework */; };
		3FF5AB8B18924CCE00BC067C /* CoreVideo.framework in Frameworks */ = {isa = PBXBuildFile; fileRef = 3FF5AB8A18924CCE00BC067C /* CoreVideo.framework */; };
		3FFB0101188B446C00B6A52B /* Rand.cpp in Sources */ = {isa = PBXBuildFile; fileRef = 3FFB00FF188B446C00B6A52B /* Rand.cpp */; };
		3FFB0107188B583C00B6A52B /* Clock.cpp in Sources */ = {isa = PBXBuildFile; fileRef = 3FFB0105188B583C00B6A52B /* Clock.cpp */; };
		3FFB010A188C77C500B6A52B /* Shader.cpp in Sources */ = {isa = PBXBuildFile; fileRef = 3FFB0108188C77C500B6A52B /* Shader.cpp */; };
		3FFB010D188C77D700B6A52B /* ShaderProgram.cpp in Sources */ = {isa = PBXBuildFile; fileRef = 3FFB010B188C77D700B6A52B /* ShaderProgram.cpp */; };
/* End PBXBuildFile section */

/* Begin PBXContainerItemProxy section */
		3FC30D52188AFF3900DA490D /* PBXContainerItemProxy */ = {
			isa = PBXContainerItemProxy;
			containerPortal = 3FC30D22188AFF3900DA490D /* Project object */;
			proxyType = 1;
			remoteGlobalIDString = 3FC30D29188AFF3900DA490D;
			remoteInfo = ParticlesOSX;
		};
/* End PBXContainerItemProxy section */

/* Begin PBXCopyFilesBuildPhase section */
		3FD41B1D1936F6D2007AEBC1 /* CopyFiles */ = {
			isa = PBXCopyFilesBuildPhase;
			buildActionMask = 2147483647;
			dstPath = "";
			dstSubfolderSpec = 6;
			files = (
				3F5D9F59193A488100BE7E08 /* libLeap.dylib in CopyFiles */,
			);
			runOnlyForDeploymentPostprocessing = 0;
		};
/* End PBXCopyFilesBuildPhase section */

/* Begin PBXFileReference section */
		3F2EBA5B1894272D00FF56DF /* p01.vert */ = {isa = PBXFileReference; fileEncoding = 4; lastKnownFileType = sourcecode.glsl; name = p01.vert; path = Shaders/p01.vert; sourceTree = "<group>"; };
		3F2EBA5D1894278200FF56DF /* p01.frag */ = {isa = PBXFileReference; fileEncoding = 4; lastKnownFileType = sourcecode.glsl; name = p01.frag; path = Shaders/p01.frag; sourceTree = "<group>"; };
		3F2EBA5F1894D46F00FF56DF /* ParticlesOSX-PrefixHeader.pch */ = {isa = PBXFileReference; lastKnownFileType = sourcecode.c.h; path = "ParticlesOSX-PrefixHeader.pch"; sourceTree = "<group>"; };
		3F40F4FD193261320045A7D3 /* libfreenect.dylib */ = {isa = PBXFileReference; lastKnownFileType = "compiled.mach-o.dylib"; name = libfreenect.dylib; path = ../../../../usr/local/lib/libfreenect.dylib; sourceTree = "<group>"; };
		3F5D9F57193A485F00BE7E08 /* libLeap.dylib */ = {isa = PBXFileReference; lastKnownFileType = "compiled.mach-o.dylib"; name = libLeap.dylib; path = ParticlesOSX/Leap/libLeap.dylib; sourceTree = "<group>"; };
		3F9FECE3189EEA1E00114BA2 /* PUI.cpp */ = {isa = PBXFileReference; fileEncoding = 4; lastKnownFileType = sourcecode.cpp.cpp; path = PUI.cpp; sourceTree = "<group>"; };
		3F9FECE4189EEA1E00114BA2 /* PUI.h */ = {isa = PBXFileReference; fileEncoding = 4; lastKnownFileType = sourcecode.c.h; path = PUI.h; sourceTree = "<group>"; };
		3FA7069818A6E60C005E042C /* rect.vert */ = {isa = PBXFileReference; fileEncoding = 4; lastKnownFileType = sourcecode.glsl; name = rect.vert; path = Shaders/rect.vert; sourceTree = "<group>"; };
		3FA7069A18A6E617005E042C /* rect.frag */ = {isa = PBXFileReference; fileEncoding = 4; lastKnownFileType = sourcecode.glsl; path = rect.frag; sourceTree = "<group>"; };
		3FB4E5711928255800D78E26 /* MyFreenectDevice.cpp */ = {isa = PBXFileReference; fileEncoding = 4; lastKnownFileType = sourcecode.cpp.cpp; path = MyFreenectDevice.cpp; sourceTree = "<group>"; };
		3FB4E5721928255800D78E26 /* MyFreenectDevice.h */ = {isa = PBXFileReference; fileEncoding = 4; lastKnownFileType = sourcecode.c.h; path = MyFreenectDevice.h; sourceTree = "<group>"; };
		3FC30D2A188AFF3900DA490D /* ParticlesOSX.app */ = {isa = PBXFileReference; explicitFileType = wrapper.application; includeInIndex = 0; path = ParticlesOSX.app; sourceTree = BUILT_PRODUCTS_DIR; };
		3FC30D2D188AFF3900DA490D /* Cocoa.framework */ = {isa = PBXFileReference; lastKnownFileType = wrapper.framework; name = Cocoa.framework; path = System/Library/Frameworks/Cocoa.framework; sourceTree = SDKROOT; };
		3FC30D30188AFF3900DA490D /* AppKit.framework */ = {isa = PBXFileReference; lastKnownFileType = wrapper.framework; name = AppKit.framework; path = System/Library/Frameworks/AppKit.framework; sourceTree = SDKROOT; };
		3FC30D31188AFF3900DA490D /* CoreData.framework */ = {isa = PBXFileReference; lastKnownFileType = wrapper.framework; name = CoreData.framework; path = System/Library/Frameworks/CoreData.framework; sourceTree = SDKROOT; };
		3FC30D32188AFF3900DA490D /* Foundation.framework */ = {isa = PBXFileReference; lastKnownFileType = wrapper.framework; name = Foundation.framework; path = System/Library/Frameworks/Foundation.framework; sourceTree = SDKROOT; };
		3FC30D35188AFF3900DA490D /* ParticlesOSX-Info.plist */ = {isa = PBXFileReference; lastKnownFileType = text.plist.xml; path = "ParticlesOSX-Info.plist"; sourceTree = "<group>"; };
		3FC30D37188AFF3900DA490D /* en */ = {isa = PBXFileReference; lastKnownFileType = text.plist.strings; name = en; path = en.lproj/InfoPlist.strings; sourceTree = "<group>"; };
		3FC30D39188AFF3900DA490D /* main.m */ = {isa = PBXFileReference; lastKnownFileType = sourcecode.c.objc; path = main.m; sourceTree = "<group>"; };
		3FC30D3D188AFF3900DA490D /* en */ = {isa = PBXFileReference; lastKnownFileType = text.rtf; name = en; path = en.lproj/Credits.rtf; sourceTree = "<group>"; };
		3FC30D3F188AFF3900DA490D /* AppDelegate.h */ = {isa = PBXFileReference; lastKnownFileType = sourcecode.c.h; path = AppDelegate.h; sourceTree = "<group>"; };
		3FC30D40188AFF3900DA490D /* AppDelegate.mm */ = {isa = PBXFileReference; lastKnownFileType = sourcecode.cpp.objcpp; path = AppDelegate.mm; sourceTree = "<group>"; };
		3FC30D43188AFF3900DA490D /* Base */ = {isa = PBXFileReference; lastKnownFileType = file.xib; name = Base; path = Base.lproj/MainMenu.xib; sourceTree = "<group>"; };
		3FC30D46188AFF3900DA490D /* ParticlesOSX.xcdatamodel */ = {isa = PBXFileReference; lastKnownFileType = wrapper.xcdatamodel; path = ParticlesOSX.xcdatamodel; sourceTree = "<group>"; };
		3FC30D48188AFF3900DA490D /* Images.xcassets */ = {isa = PBXFileReference; lastKnownFileType = folder.assetcatalog; path = Images.xcassets; sourceTree = "<group>"; };
		3FC30D4E188AFF3900DA490D /* ParticlesOSXTests.xctest */ = {isa = PBXFileReference; explicitFileType = wrapper.cfbundle; includeInIndex = 0; path = ParticlesOSXTests.xctest; sourceTree = BUILT_PRODUCTS_DIR; };
		3FC30D4F188AFF3900DA490D /* XCTest.framework */ = {isa = PBXFileReference; lastKnownFileType = wrapper.framework; name = XCTest.framework; path = Library/Frameworks/XCTest.framework; sourceTree = DEVELOPER_DIR; };
		3FC30D56188AFF3900DA490D /* ParticlesOSXTests-Info.plist */ = {isa = PBXFileReference; lastKnownFileType = text.plist.xml; path = "ParticlesOSXTests-Info.plist"; sourceTree = "<group>"; };
		3FC30D58188AFF3900DA490D /* en */ = {isa = PBXFileReference; lastKnownFileType = text.plist.strings; name = en; path = en.lproj/InfoPlist.strings; sourceTree = "<group>"; };
		3FC30D5A188AFF3900DA490D /* ParticlesOSXTests.m */ = {isa = PBXFileReference; lastKnownFileType = sourcecode.c.objc; path = ParticlesOSXTests.m; sourceTree = "<group>"; };
		3FC30D64188B046300DA490D /* CustomOpenGLView.h */ = {isa = PBXFileReference; fileEncoding = 4; lastKnownFileType = sourcecode.c.h; path = CustomOpenGLView.h; sourceTree = "<group>"; };
		3FC30D65188B046300DA490D /* CustomOpenGLView.mm */ = {isa = PBXFileReference; fileEncoding = 4; lastKnownFileType = sourcecode.cpp.objcpp; path = CustomOpenGLView.mm; sourceTree = "<group>"; };
		3FC30D6A188B0B5600DA490D /* OpenGL.framework */ = {isa = PBXFileReference; lastKnownFileType = wrapper.framework; name = OpenGL.framework; path = ../../../../System/Library/Frameworks/OpenGL.framework; sourceTree = "<group>"; };
		3FC30D6C188B2A9800DA490D /* Particle.cpp */ = {isa = PBXFileReference; fileEncoding = 4; lastKnownFileType = sourcecode.cpp.cpp; path = Particle.cpp; sourceTree = "<group>"; };
		3FC30D6D188B2A9800DA490D /* Particle.h */ = {isa = PBXFileReference; fileEncoding = 4; lastKnownFileType = sourcecode.c.h; path = Particle.h; sourceTree = "<group>"; };
		3FC30D6F188B2B3600DA490D /* GLKit.framework */ = {isa = PBXFileReference; lastKnownFileType = wrapper.framework; name = GLKit.framework; path = ../../../../System/Library/Frameworks/GLKit.framework; sourceTree = "<group>"; };
		3FC30D71188B2CA000DA490D /* ParticleApp.cpp */ = {isa = PBXFileReference; fileEncoding = 4; lastKnownFileType = sourcecode.cpp.cpp; path = ParticleApp.cpp; sourceTree = "<group>"; };
		3FC30D72188B2CA000DA490D /* ParticleApp.h */ = {isa = PBXFileReference; fileEncoding = 4; lastKnownFileType = sourcecode.c.h; path = ParticleApp.h; sourceTree = "<group>"; };
		3FC30D74188B3A5400DA490D /* Params.cpp */ = {isa = PBXFileReference; fileEncoding = 4; lastKnownFileType = sourcecode.cpp.cpp; path = Params.cpp; sourceTree = "<group>"; };
		3FC30D75188B3A5400DA490D /* Params.h */ = {isa = PBXFileReference; fileEncoding = 4; lastKnownFileType = sourcecode.c.h; path = Params.h; sourceTree = "<group>"; };
		3FC30D77188B3C4600DA490D /* ParticleController.cpp */ = {isa = PBXFileReference; fileEncoding = 4; lastKnownFileType = sourcecode.cpp.cpp; path = ParticleController.cpp; sourceTree = "<group>"; };
		3FC30D78188B3C4600DA490D /* ParticleController.h */ = {isa = PBXFileReference; fileEncoding = 4; lastKnownFileType = sourcecode.c.h; path = ParticleController.h; sourceTree = "<group>"; };
		3FC30D7A188B3FFB00DA490D /* Color.cpp */ = {isa = PBXFileReference; fileEncoding = 4; lastKnownFileType = sourcecode.cpp.cpp; path = Color.cpp; sourceTree = "<group>"; };
		3FC30D7B188B3FFB00DA490D /* Color.h */ = {isa = PBXFileReference; fileEncoding = 4; lastKnownFileType = sourcecode.c.h; path = Color.h; sourceTree = "<group>"; };
		3FD41B1F1936F9DD007AEBC1 /* MyLeap.cpp */ = {isa = PBXFileReference; fileEncoding = 4; lastKnownFileType = sourcecode.cpp.cpp; name = MyLeap.cpp; path = Leap/MyLeap.cpp; sourceTree = "<group>"; };
		3FD41B201936F9DD007AEBC1 /* MyLeap.h */ = {isa = PBXFileReference; fileEncoding = 4; lastKnownFileType = sourcecode.c.h; name = MyLeap.h; path = Leap/MyLeap.h; sourceTree = "<group>"; };
		3FD41B22193709A8007AEBC1 /* Leap.h */ = {isa = PBXFileReference; lastKnownFileType = sourcecode.c.h; name = Leap.h; path = Leap/Leap.h; sourceTree = "<group>"; };
		3FD41B23193709A8007AEBC1 /* LeapMath.h */ = {isa = PBXFileReference; lastKnownFileType = sourcecode.c.h; name = LeapMath.h; path = Leap/LeapMath.h; sourceTree = "<group>"; };
		3FF5AB80188E489C00BC067C /* Vec2.cpp */ = {isa = PBXFileReference; fileEncoding = 4; lastKnownFileType = sourcecode.cpp.cpp; path = Vec2.cpp; sourceTree = "<group>"; };
		3FF5AB81188E489C00BC067C /* Vec2.h */ = {isa = PBXFileReference; fileEncoding = 4; lastKnownFileType = sourcecode.c.h; path = Vec2.h; sourceTree = "<group>"; };
		3FF5AB83188E48C100BC067C /* GLAppController.h */ = {isa = PBXFileReference; explicitFileType = sourcecode.c.objc; fileEncoding = 4; path = GLAppController.h; sourceTree = "<group>"; };
		3FF5AB84188E48C100BC067C /* GLAppController.m */ = {isa = PBXFileReference; fileEncoding = 4; lastKnownFileType = sourcecode.c.objc; path = GLAppController.m; sourceTree = "<group>"; };
		3FF5AB8818924BA200BC067C /* QuartzCore.framework */ = {isa = PBXFileReference; lastKnownFileType = wrapper.framework; name = QuartzCore.framework; path = System/Library/Frameworks/QuartzCore.framework; sourceTree = SDKROOT; };
		3FF5AB8A18924CCE00BC067C /* CoreVideo.framework */ = {isa = PBXFileReference; lastKnownFileType = wrapper.framework; name = CoreVideo.framework; path = System/Library/Frameworks/CoreVideo.framework; sourceTree = SDKROOT; };
		3FF5AB8C1892CC5200BC067C /* MyGLUtilities.h */ = {isa = PBXFileReference; lastKnownFileType = sourcecode.c.h; path = MyGLUtilities.h; sourceTree = "<group>"; };
		3FFB00FF188B446C00B6A52B /* Rand.cpp */ = {isa = PBXFileReference; fileEncoding = 4; lastKnownFileType = sourcecode.cpp.cpp; path = Rand.cpp; sourceTree = "<group>"; };
		3FFB0100188B446C00B6A52B /* Rand.h */ = {isa = PBXFileReference; fileEncoding = 4; lastKnownFileType = sourcecode.c.h; path = Rand.h; sourceTree = "<group>"; };
		3FFB0105188B583C00B6A52B /* Clock.cpp */ = {isa = PBXFileReference; fileEncoding = 4; lastKnownFileType = sourcecode.cpp.cpp; path = Clock.cpp; sourceTree = "<group>"; };
		3FFB0106188B583C00B6A52B /* Clock.h */ = {isa = PBXFileReference; fileEncoding = 4; lastKnownFileType = sourcecode.c.h; path = Clock.h; sourceTree = "<group>"; };
		3FFB0108188C77C500B6A52B /* Shader.cpp */ = {isa = PBXFileReference; fileEncoding = 4; lastKnownFileType = sourcecode.cpp.cpp; path = Shader.cpp; sourceTree = "<group>"; };
		3FFB0109188C77C500B6A52B /* Shader.h */ = {isa = PBXFileReference; fileEncoding = 4; lastKnownFileType = sourcecode.c.h; path = Shader.h; sourceTree = "<group>"; };
		3FFB010B188C77D700B6A52B /* ShaderProgram.cpp */ = {isa = PBXFileReference; fileEncoding = 4; lastKnownFileType = sourcecode.cpp.cpp; path = ShaderProgram.cpp; sourceTree = "<group>"; };
		3FFB010C188C77D700B6A52B /* ShaderProgram.h */ = {isa = PBXFileReference; fileEncoding = 4; lastKnownFileType = sourcecode.c.h; path = ShaderProgram.h; sourceTree = "<group>"; };
/* End PBXFileReference section */

/* Begin PBXFrameworksBuildPhase section */
		3FC30D27188AFF3900DA490D /* Frameworks */ = {
			isa = PBXFrameworksBuildPhase;
			buildActionMask = 2147483647;
			files = (
				3FF5AB8B18924CCE00BC067C /* CoreVideo.framework in Frameworks */,
				3F5D9F58193A485F00BE7E08 /* libLeap.dylib in Frameworks */,
				3FF5AB8918924BA200BC067C /* QuartzCore.framework in Frameworks */,
				3FC30D2E188AFF3900DA490D /* Cocoa.framework in Frameworks */,
				3F40F4FE193261320045A7D3 /* libfreenect.dylib in Frameworks */,
				3FC30D70188B2B3600DA490D /* GLKit.framework in Frameworks */,
				3FC30D6B188B0B5600DA490D /* OpenGL.framework in Frameworks */,
			);
			runOnlyForDeploymentPostprocessing = 0;
		};
		3FC30D4B188AFF3900DA490D /* Frameworks */ = {
			isa = PBXFrameworksBuildPhase;
			buildActionMask = 2147483647;
			files = (
				3FC30D51188AFF3900DA490D /* Cocoa.framework in Frameworks */,
				3FC30D50188AFF3900DA490D /* XCTest.framework in Frameworks */,
			);
			runOnlyForDeploymentPostprocessing = 0;
		};
/* End PBXFrameworksBuildPhase section */

/* Begin PBXGroup section */
		3F2EBA5A189426DC00FF56DF /* Shaders */ = {
			isa = PBXGroup;
			children = (
				3F2EBA5B1894272D00FF56DF /* p01.vert */,
				3F2EBA5D1894278200FF56DF /* p01.frag */,
				3FA7069818A6E60C005E042C /* rect.vert */,
				3FA7069A18A6E617005E042C /* rect.frag */,
			);
			name = Shaders;
			sourceTree = "<group>";
		};
		3F9FECE2189EC9A100114BA2 /* PUI */ = {
			isa = PBXGroup;
			children = (
				3F9FECE3189EEA1E00114BA2 /* PUI.cpp */,
				3F9FECE4189EEA1E00114BA2 /* PUI.h */,
			);
			name = PUI;
			sourceTree = "<group>";
		};
		3FC30D21188AFF3900DA490D = {
			isa = PBXGroup;
			children = (
				3FC30D33188AFF3900DA490D /* ParticlesOSX */,
				3FC30D54188AFF3900DA490D /* ParticlesOSXTests */,
				3FC30D2C188AFF3900DA490D /* Frameworks */,
				3FC30D2B188AFF3900DA490D /* Products */,
			);
			sourceTree = "<group>";
		};
		3FC30D2B188AFF3900DA490D /* Products */ = {
			isa = PBXGroup;
			children = (
				3FC30D2A188AFF3900DA490D /* ParticlesOSX.app */,
				3FC30D4E188AFF3900DA490D /* ParticlesOSXTests.xctest */,
			);
			name = Products;
			sourceTree = "<group>";
		};
		3FC30D2C188AFF3900DA490D /* Frameworks */ = {
			isa = PBXGroup;
			children = (
				3F5D9F57193A485F00BE7E08 /* libLeap.dylib */,
				3F40F4FD193261320045A7D3 /* libfreenect.dylib */,
				3FF5AB8A18924CCE00BC067C /* CoreVideo.framework */,
				3FF5AB8818924BA200BC067C /* QuartzCore.framework */,
				3FC30D2D188AFF3900DA490D /* Cocoa.framework */,
				3FC30D4F188AFF3900DA490D /* XCTest.framework */,
				3FC30D2F188AFF3900DA490D /* Other Frameworks */,
			);
			name = Frameworks;
			sourceTree = "<group>";
		};
		3FC30D2F188AFF3900DA490D /* Other Frameworks */ = {
			isa = PBXGroup;
			children = (
				3FC30D6F188B2B3600DA490D /* GLKit.framework */,
				3FC30D6A188B0B5600DA490D /* OpenGL.framework */,
				3FC30D30188AFF3900DA490D /* AppKit.framework */,
				3FC30D31188AFF3900DA490D /* CoreData.framework */,
				3FC30D32188AFF3900DA490D /* Foundation.framework */,
			);
			name = "Other Frameworks";
			sourceTree = "<group>";
		};
		3FC30D33188AFF3900DA490D /* ParticlesOSX */ = {
			isa = PBXGroup;
			children = (
				3FD41B1A1936F672007AEBC1 /* Leap */,
				3F9FECE2189EC9A100114BA2 /* PUI */,
				3F2EBA5A189426DC00FF56DF /* Shaders */,
				3FC30D3F188AFF3900DA490D /* AppDelegate.h */,
				3FC30D40188AFF3900DA490D /* AppDelegate.mm */,
				3FC30D64188B046300DA490D /* CustomOpenGLView.h */,
				3FC30D65188B046300DA490D /* CustomOpenGLView.mm */,
				3FF5AB83188E48C100BC067C /* GLAppController.h */,
				3FF5AB84188E48C100BC067C /* GLAppController.m */,
				3FC30D48188AFF3900DA490D /* Images.xcassets */,
				3FC30D45188AFF3900DA490D /* ParticlesOSX.xcdatamodeld */,
				3FC30D34188AFF3900DA490D /* Supporting Files */,
				3FC30D7A188B3FFB00DA490D /* Color.cpp */,
				3FC30D7B188B3FFB00DA490D /* Color.h */,
				3FC30D71188B2CA000DA490D /* ParticleApp.cpp */,
				3FC30D72188B2CA000DA490D /* ParticleApp.h */,
				3FC30D6C188B2A9800DA490D /* Particle.cpp */,
				3FC30D6D188B2A9800DA490D /* Particle.h */,
				3FC30D74188B3A5400DA490D /* Params.cpp */,
				3FC30D75188B3A5400DA490D /* Params.h */,
				3FC30D77188B3C4600DA490D /* ParticleController.cpp */,
				3FC30D78188B3C4600DA490D /* ParticleController.h */,
				3FFB00FF188B446C00B6A52B /* Rand.cpp */,
				3FFB0100188B446C00B6A52B /* Rand.h */,
				3FFB0105188B583C00B6A52B /* Clock.cpp */,
				3FFB0106188B583C00B6A52B /* Clock.h */,
				3FF5AB80188E489C00BC067C /* Vec2.cpp */,
				3FF5AB81188E489C00BC067C /* Vec2.h */,
				3FFB0108188C77C500B6A52B /* Shader.cpp */,
				3FFB0109188C77C500B6A52B /* Shader.h */,
				3FFB010B188C77D700B6A52B /* ShaderProgram.cpp */,
				3FFB010C188C77D700B6A52B /* ShaderProgram.h */,
				3FF5AB8C1892CC5200BC067C /* MyGLUtilities.h */,
				3F2EBA5F1894D46F00FF56DF /* ParticlesOSX-PrefixHeader.pch */,
				3FB4E5711928255800D78E26 /* MyFreenectDevice.cpp */,
				3FB4E5721928255800D78E26 /* MyFreenectDevice.h */,
			);
			path = ParticlesOSX;
			sourceTree = "<group>";
		};
		3FC30D34188AFF3900DA490D /* Supporting Files */ = {
			isa = PBXGroup;
			children = (
				3FC30D42188AFF3900DA490D /* MainMenu.xib */,
				3FC30D35188AFF3900DA490D /* ParticlesOSX-Info.plist */,
				3FC30D36188AFF3900DA490D /* InfoPlist.strings */,
				3FC30D39188AFF3900DA490D /* main.m */,
				3FC30D3C188AFF3900DA490D /* Credits.rtf */,
			);
			name = "Supporting Files";
			sourceTree = "<group>";
		};
		3FC30D54188AFF3900DA490D /* ParticlesOSXTests */ = {
			isa = PBXGroup;
			children = (
				3FC30D5A188AFF3900DA490D /* ParticlesOSXTests.m */,
				3FC30D55188AFF3900DA490D /* Supporting Files */,
			);
			path = ParticlesOSXTests;
			sourceTree = "<group>";
		};
		3FC30D55188AFF3900DA490D /* Supporting Files */ = {
			isa = PBXGroup;
			children = (
				3FC30D56188AFF3900DA490D /* ParticlesOSXTests-Info.plist */,
				3FC30D57188AFF3900DA490D /* InfoPlist.strings */,
			);
			name = "Supporting Files";
			sourceTree = "<group>";
		};
		3FD41B1A1936F672007AEBC1 /* Leap */ = {
			isa = PBXGroup;
			children = (
				3FD41B22193709A8007AEBC1 /* Leap.h */,
				3FD41B23193709A8007AEBC1 /* LeapMath.h */,
				3FD41B1F1936F9DD007AEBC1 /* MyLeap.cpp */,
				3FD41B201936F9DD007AEBC1 /* MyLeap.h */,
			);
			name = Leap;
			sourceTree = "<group>";
		};
/* End PBXGroup section */

/* Begin PBXNativeTarget section */
		3FC30D29188AFF3900DA490D /* ParticlesOSX */ = {
			isa = PBXNativeTarget;
			buildConfigurationList = 3FC30D5E188AFF3900DA490D /* Build configuration list for PBXNativeTarget "ParticlesOSX" */;
			buildPhases = (
				3FC30D26188AFF3900DA490D /* Sources */,
				3FC30D27188AFF3900DA490D /* Frameworks */,
				3FC30D28188AFF3900DA490D /* Resources */,
				3FD41B1D1936F6D2007AEBC1 /* CopyFiles */,
			);
			buildRules = (
			);
			dependencies = (
			);
			name = ParticlesOSX;
			productName = ParticlesOSX;
			productReference = 3FC30D2A188AFF3900DA490D /* ParticlesOSX.app */;
			productType = "com.apple.product-type.application";
		};
		3FC30D4D188AFF3900DA490D /* ParticlesOSXTests */ = {
			isa = PBXNativeTarget;
			buildConfigurationList = 3FC30D61188AFF3900DA490D /* Build configuration list for PBXNativeTarget "ParticlesOSXTests" */;
			buildPhases = (
				3FC30D4A188AFF3900DA490D /* Sources */,
				3FC30D4B188AFF3900DA490D /* Frameworks */,
				3FC30D4C188AFF3900DA490D /* Resources */,
			);
			buildRules = (
			);
			dependencies = (
				3FC30D53188AFF3900DA490D /* PBXTargetDependency */,
			);
			name = ParticlesOSXTests;
			productName = ParticlesOSXTests;
			productReference = 3FC30D4E188AFF3900DA490D /* ParticlesOSXTests.xctest */;
			productType = "com.apple.product-type.bundle.unit-test";
		};
/* End PBXNativeTarget section */

/* Begin PBXProject section */
		3FC30D22188AFF3900DA490D /* Project object */ = {
			isa = PBXProject;
			attributes = {
				LastUpgradeCheck = 0500;
				ORGANIZATIONNAME = beeduul;
				TargetAttributes = {
					3FC30D4D188AFF3900DA490D = {
						TestTargetID = 3FC30D29188AFF3900DA490D;
					};
				};
			};
			buildConfigurationList = 3FC30D25188AFF3900DA490D /* Build configuration list for PBXProject "ParticlesOSX" */;
			compatibilityVersion = "Xcode 3.2";
			developmentRegion = English;
			hasScannedForEncodings = 0;
			knownRegions = (
				en,
				Base,
			);
			mainGroup = 3FC30D21188AFF3900DA490D;
			productRefGroup = 3FC30D2B188AFF3900DA490D /* Products */;
			projectDirPath = "";
			projectRoot = "";
			targets = (
				3FC30D29188AFF3900DA490D /* ParticlesOSX */,
				3FC30D4D188AFF3900DA490D /* ParticlesOSXTests */,
			);
		};
/* End PBXProject section */

/* Begin PBXResourcesBuildPhase section */
		3FC30D28188AFF3900DA490D /* Resources */ = {
			isa = PBXResourcesBuildPhase;
			buildActionMask = 2147483647;
			files = (
				3FA7069C18A6E998005E042C /* rect.vert in Resources */,
				3FA7069D18A6E998005E042C /* rect.frag in Resources */,
				3FC30D38188AFF3900DA490D /* InfoPlist.strings in Resources */,
				3F2EBA5E1894278200FF56DF /* p01.frag in Resources */,
				3F2EBA5C1894272D00FF56DF /* p01.vert in Resources */,
				3FC30D49188AFF3900DA490D /* Images.xcassets in Resources */,
				3FC30D3E188AFF3900DA490D /* Credits.rtf in Resources */,
				3FC30D44188AFF3900DA490D /* MainMenu.xib in Resources */,
			);
			runOnlyForDeploymentPostprocessing = 0;
		};
		3FC30D4C188AFF3900DA490D /* Resources */ = {
			isa = PBXResourcesBuildPhase;
			buildActionMask = 2147483647;
			files = (
				3FC30D59188AFF3900DA490D /* InfoPlist.strings in Resources */,
			);
			runOnlyForDeploymentPostprocessing = 0;
		};
/* End PBXResourcesBuildPhase section */

/* Begin PBXSourcesBuildPhase section */
		3FC30D26188AFF3900DA490D /* Sources */ = {
			isa = PBXSourcesBuildPhase;
			buildActionMask = 2147483647;
			files = (
				3FC30D79188B3C4600DA490D /* ParticleController.cpp in Sources */,
				3FA7069B18A6E617005E042C /* rect.frag in Sources */,
				3FC30D66188B046300DA490D /* CustomOpenGLView.mm in Sources */,
				3FC30D73188B2CA000DA490D /* ParticleApp.cpp in Sources */,
				3FFB010A188C77C500B6A52B /* Shader.cpp in Sources */,
				3FC30D6E188B2A9800DA490D /* Particle.cpp in Sources */,
				3FA7069918A6E60C005E042C /* rect.vert in Sources */,
				3FFB010D188C77D700B6A52B /* ShaderProgram.cpp in Sources */,
				3F9FECE5189EEA1E00114BA2 /* PUI.cpp in Sources */,
				3FC30D41188AFF3900DA490D /* AppDelegate.mm in Sources */,
				3FFB0101188B446C00B6A52B /* Rand.cpp in Sources */,
				3FF5AB82188E489C00BC067C /* Vec2.cpp in Sources */,
				3FFB0107188B583C00B6A52B /* Clock.cpp in Sources */,
				3FC30D47188AFF3900DA490D /* ParticlesOSX.xcdatamodeld in Sources */,
				3FF5AB85188E48C100BC067C /* GLAppController.m in Sources */,
				3FB4E5731928255800D78E26 /* MyFreenectDevice.cpp in Sources */,
				3FC30D7C188B3FFB00DA490D /* Color.cpp in Sources */,
				3FC30D3A188AFF3900DA490D /* main.m in Sources */,
				3FC30D76188B3A5400DA490D /* Params.cpp in Sources */,
				3FD41B211936F9DD007AEBC1 /* MyLeap.cpp in Sources */,
			);
			runOnlyForDeploymentPostprocessing = 0;
		};
		3FC30D4A188AFF3900DA490D /* Sources */ = {
			isa = PBXSourcesBuildPhase;
			buildActionMask = 2147483647;
			files = (
				3FC30D5B188AFF3900DA490D /* ParticlesOSXTests.m in Sources */,
			);
			runOnlyForDeploymentPostprocessing = 0;
		};
/* End PBXSourcesBuildPhase section */

/* Begin PBXTargetDependency section */
		3FC30D53188AFF3900DA490D /* PBXTargetDependency */ = {
			isa = PBXTargetDependency;
			target = 3FC30D29188AFF3900DA490D /* ParticlesOSX */;
			targetProxy = 3FC30D52188AFF3900DA490D /* PBXContainerItemProxy */;
		};
/* End PBXTargetDependency section */

/* Begin PBXVariantGroup section */
		3FC30D36188AFF3900DA490D /* InfoPlist.strings */ = {
			isa = PBXVariantGroup;
			children = (
				3FC30D37188AFF3900DA490D /* en */,
			);
			name = InfoPlist.strings;
			sourceTree = "<group>";
		};
		3FC30D3C188AFF3900DA490D /* Credits.rtf */ = {
			isa = PBXVariantGroup;
			children = (
				3FC30D3D188AFF3900DA490D /* en */,
			);
			name = Credits.rtf;
			sourceTree = "<group>";
		};
		3FC30D42188AFF3900DA490D /* MainMenu.xib */ = {
			isa = PBXVariantGroup;
			children = (
				3FC30D43188AFF3900DA490D /* Base */,
			);
			name = MainMenu.xib;
			sourceTree = "<group>";
		};
		3FC30D57188AFF3900DA490D /* InfoPlist.strings */ = {
			isa = PBXVariantGroup;
			children = (
				3FC30D58188AFF3900DA490D /* en */,
			);
			name = InfoPlist.strings;
			sourceTree = "<group>";
		};
/* End PBXVariantGroup section */

/* Begin XCBuildConfiguration section */
		3FC30D5C188AFF3900DA490D /* Debug */ = {
			isa = XCBuildConfiguration;
			buildSettings = {
				ALWAYS_SEARCH_USER_PATHS = NO;
				CLANG_CXX_LANGUAGE_STANDARD = "gnu++0x";
				CLANG_CXX_LIBRARY = "libc++";
				CLANG_ENABLE_OBJC_ARC = YES;
				CLANG_WARN_BOOL_CONVERSION = YES;
				CLANG_WARN_CONSTANT_CONVERSION = YES;
				CLANG_WARN_DIRECT_OBJC_ISA_USAGE = YES_ERROR;
				CLANG_WARN_EMPTY_BODY = YES;
				CLANG_WARN_ENUM_CONVERSION = YES;
				CLANG_WARN_INT_CONVERSION = YES;
				CLANG_WARN_OBJC_ROOT_CLASS = YES_ERROR;
				CLANG_WARN__DUPLICATE_METHOD_MATCH = YES;
				COPY_PHASE_STRIP = NO;
				GCC_C_LANGUAGE_STANDARD = gnu99;
				GCC_DYNAMIC_NO_PIC = NO;
				GCC_ENABLE_OBJC_EXCEPTIONS = YES;
				GCC_OPTIMIZATION_LEVEL = 0;
				GCC_PREPROCESSOR_DEFINITIONS = (
					"DEBUG=1",
					"$(inherited)",
				);
				GCC_SYMBOLS_PRIVATE_EXTERN = NO;
				GCC_WARN_64_TO_32_BIT_CONVERSION = YES;
				GCC_WARN_ABOUT_RETURN_TYPE = YES_ERROR;
				GCC_WARN_UNDECLARED_SELECTOR = YES;
				GCC_WARN_UNINITIALIZED_AUTOS = YES;
				GCC_WARN_UNUSED_FUNCTION = YES;
				GCC_WARN_UNUSED_VARIABLE = YES;
				HEADER_SEARCH_PATHS = (
					"$(inherited)",
					/Applications/Xcode.app/Contents/Developer/Toolchains/XcodeDefault.xctoolchain/usr/include,
					/Users/jeremy/dev/boost_1_55_0,
					"/usr/local/include/libusb-1.0",
					/usr/local/include/libfreenect,
				);
				MACOSX_DEPLOYMENT_TARGET = 10.9;
				ONLY_ACTIVE_ARCH = YES;
				SDKROOT = macosx;
			};
			name = Debug;
		};
		3FC30D5D188AFF3900DA490D /* Release */ = {
			isa = XCBuildConfiguration;
			buildSettings = {
				ALWAYS_SEARCH_USER_PATHS = NO;
				CLANG_CXX_LANGUAGE_STANDARD = "gnu++0x";
				CLANG_CXX_LIBRARY = "libc++";
				CLANG_ENABLE_OBJC_ARC = YES;
				CLANG_WARN_BOOL_CONVERSION = YES;
				CLANG_WARN_CONSTANT_CONVERSION = YES;
				CLANG_WARN_DIRECT_OBJC_ISA_USAGE = YES_ERROR;
				CLANG_WARN_EMPTY_BODY = YES;
				CLANG_WARN_ENUM_CONVERSION = YES;
				CLANG_WARN_INT_CONVERSION = YES;
				CLANG_WARN_OBJC_ROOT_CLASS = YES_ERROR;
				CLANG_WARN__DUPLICATE_METHOD_MATCH = YES;
				COPY_PHASE_STRIP = YES;
				DEBUG_INFORMATION_FORMAT = "dwarf-with-dsym";
				ENABLE_NS_ASSERTIONS = NO;
				GCC_C_LANGUAGE_STANDARD = gnu99;
				GCC_ENABLE_OBJC_EXCEPTIONS = YES;
				GCC_WARN_64_TO_32_BIT_CONVERSION = YES;
				GCC_WARN_ABOUT_RETURN_TYPE = YES_ERROR;
				GCC_WARN_UNDECLARED_SELECTOR = YES;
				GCC_WARN_UNINITIALIZED_AUTOS = YES;
				GCC_WARN_UNUSED_FUNCTION = YES;
				GCC_WARN_UNUSED_VARIABLE = YES;
				HEADER_SEARCH_PATHS = (
					"$(inherited)",
					/Applications/Xcode.app/Contents/Developer/Toolchains/XcodeDefault.xctoolchain/usr/include,
					/Users/jeremy/dev/boost_1_55_0,
					"/usr/local/include/libusb-1.0",
					/usr/local/include/libfreenect,
				);
				MACOSX_DEPLOYMENT_TARGET = 10.9;
				SDKROOT = macosx;
			};
			name = Release;
		};
		3FC30D5F188AFF3900DA490D /* Debug */ = {
			isa = XCBuildConfiguration;
			buildSettings = {
				ALWAYS_SEARCH_USER_PATHS = YES;
				ASSETCATALOG_COMPILER_APPICON_NAME = AppIcon;
				COMBINE_HIDPI_IMAGES = YES;
				GCC_PRECOMPILE_PREFIX_HEADER = YES;
				GCC_PREFIX_HEADER = "ParticlesOSX/ParticlesOSX-PrefixHeader.pch";
				INFOPLIST_FILE = "ParticlesOSX/ParticlesOSX-Info.plist";
				LIBRARY_SEARCH_PATHS = (
					"$(inherited)",
					/usr/local/lib,
					"$(PROJECT_DIR)/ParticlesOSX/Leap",
				);
				PRODUCT_NAME = "$(TARGET_NAME)";
				USER_HEADER_SEARCH_PATHS = "\"/Volumes/big bad bawdy brawler/dev/boost_1_55_0\"";
				WRAPPER_EXTENSION = app;
			};
			name = Debug;
		};
		3FC30D60188AFF3900DA490D /* Release */ = {
			isa = XCBuildConfiguration;
			buildSettings = {
				ALWAYS_SEARCH_USER_PATHS = YES;
				ASSETCATALOG_COMPILER_APPICON_NAME = AppIcon;
				COMBINE_HIDPI_IMAGES = YES;
				GCC_PRECOMPILE_PREFIX_HEADER = YES;
				GCC_PREFIX_HEADER = "ParticlesOSX/ParticlesOSX-PrefixHeader.pch";
				INFOPLIST_FILE = "ParticlesOSX/ParticlesOSX-Info.plist";
				LIBRARY_SEARCH_PATHS = (
					"$(inherited)",
					/usr/local/lib,
					"$(PROJECT_DIR)/ParticlesOSX/Leap",
				);
				PRODUCT_NAME = "$(TARGET_NAME)";
				USER_HEADER_SEARCH_PATHS = "\"/Volumes/big bad bawdy brawler/dev/boost_1_55_0\"";
				WRAPPER_EXTENSION = app;
			};
			name = Release;
		};
		3FC30D62188AFF3900DA490D /* Debug */ = {
			isa = XCBuildConfiguration;
			buildSettings = {
				BUNDLE_LOADER = "$(BUILT_PRODUCTS_DIR)/ParticlesOSX.app/Contents/MacOS/ParticlesOSX";
				COMBINE_HIDPI_IMAGES = YES;
				FRAMEWORK_SEARCH_PATHS = (
					"$(DEVELOPER_FRAMEWORKS_DIR)",
					"$(inherited)",
				);
				GCC_PRECOMPILE_PREFIX_HEADER = YES;
				GCC_PREFIX_HEADER = "ParticlesOSX/ParticlesOSX-Prefix.pch";
				GCC_PREPROCESSOR_DEFINITIONS = (
					"DEBUG=1",
					"$(inherited)",
				);
				INFOPLIST_FILE = "ParticlesOSXTests/ParticlesOSXTests-Info.plist";
				PRODUCT_NAME = "$(TARGET_NAME)";
				TEST_HOST = "$(BUNDLE_LOADER)";
				WRAPPER_EXTENSION = xctest;
			};
			name = Debug;
		};
		3FC30D63188AFF3900DA490D /* Release */ = {
			isa = XCBuildConfiguration;
			buildSettings = {
				BUNDLE_LOADER = "$(BUILT_PRODUCTS_DIR)/ParticlesOSX.app/Contents/MacOS/ParticlesOSX";
				COMBINE_HIDPI_IMAGES = YES;
				FRAMEWORK_SEARCH_PATHS = (
					"$(DEVELOPER_FRAMEWORKS_DIR)",
					"$(inherited)",
				);
				GCC_PRECOMPILE_PREFIX_HEADER = YES;
				GCC_PREFIX_HEADER = "ParticlesOSX/ParticlesOSX-Prefix.pch";
				INFOPLIST_FILE = "ParticlesOSXTests/ParticlesOSXTests-Info.plist";
				PRODUCT_NAME = "$(TARGET_NAME)";
				TEST_HOST = "$(BUNDLE_LOADER)";
				WRAPPER_EXTENSION = xctest;
			};
			name = Release;
		};
/* End XCBuildConfiguration section */

/* Begin XCConfigurationList section */
		3FC30D25188AFF3900DA490D /* Build configuration list for PBXProject "ParticlesOSX" */ = {
			isa = XCConfigurationList;
			buildConfigurations = (
				3FC30D5C188AFF3900DA490D /* Debug */,
				3FC30D5D188AFF3900DA490D /* Release */,
			);
			defaultConfigurationIsVisible = 0;
			defaultConfigurationName = Release;
		};
		3FC30D5E188AFF3900DA490D /* Build configuration list for PBXNativeTarget "ParticlesOSX" */ = {
			isa = XCConfigurationList;
			buildConfigurations = (
				3FC30D5F188AFF3900DA490D /* Debug */,
				3FC30D60188AFF3900DA490D /* Release */,
			);
			defaultConfigurationIsVisible = 0;
			defaultConfigurationName = Release;
		};
		3FC30D61188AFF3900DA490D /* Build configuration list for PBXNativeTarget "ParticlesOSXTests" */ = {
			isa = XCConfigurationList;
			buildConfigurations = (
				3FC30D62188AFF3900DA490D /* Debug */,
				3FC30D63188AFF3900DA490D /* Release */,
			);
			defaultConfigurationIsVisible = 0;
			defaultConfigurationName = Release;
		};
/* End XCConfigurationList section */

/* Begin XCVersionGroup section */
		3FC30D45188AFF3900DA490D /* ParticlesOSX.xcdatamodeld */ = {
			isa = XCVersionGroup;
			children = (
				3FC30D46188AFF3900DA490D /* ParticlesOSX.xcdatamodel */,
			);
			currentVersion = 3FC30D46188AFF3900DA490D /* ParticlesOSX.xcdatamodel */;
			path = ParticlesOSX.xcdatamodeld;
			sourceTree = "<group>";
			versionGroupType = wrapper.xcdatamodel;
		};
/* End XCVersionGroup section */
	};
	rootObject = 3FC30D22188AFF3900DA490D /* Project object */;
}
